// !$*UTF8*$!
{
	archiveVersion = 1;
	classes = {
	};
	objectVersion = 46;
	objects = {

/* Begin PBXBuildFile section */
		91CEC6F91AE99B22006A6ADF /* AppDelegate.swift in Sources */ = {isa = PBXBuildFile; fileRef = 91CEC6F81AE99B22006A6ADF /* AppDelegate.swift */; };
		91CEC6FE1AE99B22006A6ADF /* Main.storyboard in Resources */ = {isa = PBXBuildFile; fileRef = 91CEC6FC1AE99B22006A6ADF /* Main.storyboard */; };
		91CEC7001AE99B22006A6ADF /* Images.xcassets in Resources */ = {isa = PBXBuildFile; fileRef = 91CEC6FF1AE99B22006A6ADF /* Images.xcassets */; };
		91CEC7031AE99B22006A6ADF /* LaunchScreen.xib in Resources */ = {isa = PBXBuildFile; fileRef = 91CEC7011AE99B22006A6ADF /* LaunchScreen.xib */; };
		91CEC70F1AE99B22006A6ADF /* HappinessTests.swift in Sources */ = {isa = PBXBuildFile; fileRef = 91CEC70E1AE99B22006A6ADF /* HappinessTests.swift */; };
		91CEC7191AE99CC4006A6ADF /* HappinessViewController.swift in Sources */ = {isa = PBXBuildFile; fileRef = 91CEC7181AE99CC4006A6ADF /* HappinessViewController.swift */; };
		91CEC71B1AE99F07006A6ADF /* FaceView.swift in Sources */ = {isa = PBXBuildFile; fileRef = 91CEC71A1AE99F07006A6ADF /* FaceView.swift */; };
/* End PBXBuildFile section */

/* Begin PBXContainerItemProxy section */
		91CEC7091AE99B22006A6ADF /* PBXContainerItemProxy */ = {
			isa = PBXContainerItemProxy;
			containerPortal = 91CEC6EB1AE99B22006A6ADF /* Project object */;
			proxyType = 1;
			remoteGlobalIDString = 91CEC6F21AE99B22006A6ADF;
			remoteInfo = Happiness;
		};
/* End PBXContainerItemProxy section */

/* Begin PBXFileReference section */
		91CEC6F31AE99B22006A6ADF /* Happiness.app */ = {isa = PBXFileReference; explicitFileType = wrapper.application; includeInIndex = 0; path = Happiness.app; sourceTree = BUILT_PRODUCTS_DIR; };
		91CEC6F71AE99B22006A6ADF /* Info.plist */ = {isa = PBXFileReference; lastKnownFileType = text.plist.xml; path = Info.plist; sourceTree = "<group>"; };
		91CEC6F81AE99B22006A6ADF /* AppDelegate.swift */ = {isa = PBXFileReference; lastKnownFileType = sourcecode.swift; path = AppDelegate.swift; sourceTree = "<group>"; };
		91CEC6FD1AE99B22006A6ADF /* Base */ = {isa = PBXFileReference; lastKnownFileType = file.storyboard; name = Base; path = Base.lproj/Main.storyboard; sourceTree = "<group>"; };
		91CEC6FF1AE99B22006A6ADF /* Images.xcassets */ = {isa = PBXFileReference; lastKnownFileType = folder.assetcatalog; path = Images.xcassets; sourceTree = "<group>"; };
		91CEC7021AE99B22006A6ADF /* Base */ = {isa = PBXFileReference; lastKnownFileType = file.xib; name = Base; path = Base.lproj/LaunchScreen.xib; sourceTree = "<group>"; };
		91CEC7081AE99B22006A6ADF /* HappinessTests.xctest */ = {isa = PBXFileReference; explicitFileType = wrapper.cfbundle; includeInIndex = 0; path = HappinessTests.xctest; sourceTree = BUILT_PRODUCTS_DIR; };
		91CEC70D1AE99B22006A6ADF /* Info.plist */ = {isa = PBXFileReference; lastKnownFileType = text.plist.xml; path = Info.plist; sourceTree = "<group>"; };
		91CEC70E1AE99B22006A6ADF /* HappinessTests.swift */ = {isa = PBXFileReference; lastKnownFileType = sourcecode.swift; path = HappinessTests.swift; sourceTree = "<group>"; };
		91CEC7181AE99CC4006A6ADF /* HappinessViewController.swift */ = {isa = PBXFileReference; fileEncoding = 4; lastKnownFileType = sourcecode.swift; path = HappinessViewController.swift; sourceTree = "<group>"; };
		91CEC71A1AE99F07006A6ADF /* FaceView.swift */ = {isa = PBXFileReference; fileEncoding = 4; lastKnownFileType = sourcecode.swift; path = FaceView.swift; sourceTree = "<group>"; };
/* End PBXFileReference section */

/* Begin PBXFrameworksBuildPhase section */
		91CEC6F01AE99B22006A6ADF /* Frameworks */ = {
			isa = PBXFrameworksBuildPhase;
			buildActionMask = 2147483647;
			files = (
			);
			runOnlyForDeploymentPostprocessing = 0;
		};
		91CEC7051AE99B22006A6ADF /* Frameworks */ = {
			isa = PBXFrameworksBuildPhase;
			buildActionMask = 2147483647;
			files = (
			);
			runOnlyForDeploymentPostprocessing = 0;
		};
/* End PBXFrameworksBuildPhase section */

/* Begin PBXGroup section */
		91CEC6EA1AE99B22006A6ADF = {
			isa = PBXGroup;
			children = (
				91CEC6F51AE99B22006A6ADF /* Happiness */,
				91CEC70B1AE99B22006A6ADF /* HappinessTests */,
				91CEC6F41AE99B22006A6ADF /* Products */,
			);
			sourceTree = "<group>";
		};
		91CEC6F41AE99B22006A6ADF /* Products */ = {
			isa = PBXGroup;
			children = (
				91CEC6F31AE99B22006A6ADF /* Happiness.app */,
				91CEC7081AE99B22006A6ADF /* HappinessTests.xctest */,
			);
			name = Products;
			sourceTree = "<group>";
		};
		91CEC6F51AE99B22006A6ADF /* Happiness */ = {
			isa = PBXGroup;
			children = (
				91CEC6FC1AE99B22006A6ADF /* Main.storyboard */,
				91CEC71A1AE99F07006A6ADF /* FaceView.swift */,
				91CEC7181AE99CC4006A6ADF /* HappinessViewController.swift */,
				91CEC6F61AE99B22006A6ADF /* Supporting Files */,
			);
			path = Happiness;
			sourceTree = "<group>";
		};
		91CEC6F61AE99B22006A6ADF /* Supporting Files */ = {
			isa = PBXGroup;
			children = (
				91CEC6F81AE99B22006A6ADF /* AppDelegate.swift */,
				91CEC7011AE99B22006A6ADF /* LaunchScreen.xib */,
				91CEC6FF1AE99B22006A6ADF /* Images.xcassets */,
				91CEC6F71AE99B22006A6ADF /* Info.plist */,
			);
			name = "Supporting Files";
			sourceTree = "<group>";
		};
		91CEC70B1AE99B22006A6ADF /* HappinessTests */ = {
			isa = PBXGroup;
			children = (
				91CEC70E1AE99B22006A6ADF /* HappinessTests.swift */,
				91CEC70C1AE99B22006A6ADF /* Supporting Files */,
			);
			path = HappinessTests;
			sourceTree = "<group>";
		};
		91CEC70C1AE99B22006A6ADF /* Supporting Files */ = {
			isa = PBXGroup;
			children = (
				91CEC70D1AE99B22006A6ADF /* Info.plist */,
			);
			name = "Supporting Files";
			sourceTree = "<group>";
		};
/* End PBXGroup section */

/* Begin PBXNativeTarget section */
		91CEC6F21AE99B22006A6ADF /* Happiness */ = {
			isa = PBXNativeTarget;
			buildConfigurationList = 91CEC7121AE99B22006A6ADF /* Build configuration list for PBXNativeTarget "Happiness" */;
			buildPhases = (
				91CEC6EF1AE99B22006A6ADF /* Sources */,
				91CEC6F01AE99B22006A6ADF /* Frameworks */,
				91CEC6F11AE99B22006A6ADF /* Resources */,
			);
			buildRules = (
			);
			dependencies = (
			);
			name = Happiness;
			productName = Happiness;
			productReference = 91CEC6F31AE99B22006A6ADF /* Happiness.app */;
			productType = "com.apple.product-type.application";
		};
		91CEC7071AE99B22006A6ADF /* HappinessTests */ = {
			isa = PBXNativeTarget;
			buildConfigurationList = 91CEC7151AE99B22006A6ADF /* Build configuration list for PBXNativeTarget "HappinessTests" */;
			buildPhases = (
				91CEC7041AE99B22006A6ADF /* Sources */,
				91CEC7051AE99B22006A6ADF /* Frameworks */,
				91CEC7061AE99B22006A6ADF /* Resources */,
			);
			buildRules = (
			);
			dependencies = (
				91CEC70A1AE99B22006A6ADF /* PBXTargetDependency */,
			);
			name = HappinessTests;
			productName = HappinessTests;
			productReference = 91CEC7081AE99B22006A6ADF /* HappinessTests.xctest */;
			productType = "com.apple.product-type.bundle.unit-test";
		};
/* End PBXNativeTarget section */

/* Begin PBXProject section */
		91CEC6EB1AE99B22006A6ADF /* Project object */ = {
			isa = PBXProject;
			attributes = {
				LastSwiftUpdateCheck = 0700;
				LastUpgradeCheck = 0700;
				ORGANIZATIONNAME = "Sebastian Osinski";
				TargetAttributes = {
					91CEC6F21AE99B22006A6ADF = {
						CreatedOnToolsVersion = 6.3.1;
						DevelopmentTeam = GJF586P7E7;
					};
					91CEC7071AE99B22006A6ADF = {
						CreatedOnToolsVersion = 6.3.1;
						TestTargetID = 91CEC6F21AE99B22006A6ADF;
					};
				};
			};
			buildConfigurationList = 91CEC6EE1AE99B22006A6ADF /* Build configuration list for PBXProject "Happiness" */;
			compatibilityVersion = "Xcode 3.2";
			developmentRegion = English;
			hasScannedForEncodings = 0;
			knownRegions = (
				en,
				Base,
			);
			mainGroup = 91CEC6EA1AE99B22006A6ADF;
			productRefGroup = 91CEC6F41AE99B22006A6ADF /* Products */;
			projectDirPath = "";
			projectRoot = "";
			targets = (
				91CEC6F21AE99B22006A6ADF /* Happiness */,
				91CEC7071AE99B22006A6ADF /* HappinessTests */,
			);
		};
/* End PBXProject section */

/* Begin PBXResourcesBuildPhase section */
		91CEC6F11AE99B22006A6ADF /* Resources */ = {
			isa = PBXResourcesBuildPhase;
			buildActionMask = 2147483647;
			files = (
				91CEC6FE1AE99B22006A6ADF /* Main.storyboard in Resources */,
				91CEC7031AE99B22006A6ADF /* LaunchScreen.xib in Resources */,
				91CEC7001AE99B22006A6ADF /* Images.xcassets in Resources */,
			);
			runOnlyForDeploymentPostprocessing = 0;
		};
		91CEC7061AE99B22006A6ADF /* Resources */ = {
			isa = PBXResourcesBuildPhase;
			buildActionMask = 2147483647;
			files = (
			);
			runOnlyForDeploymentPostprocessing = 0;
		};
/* End PBXResourcesBuildPhase section */

/* Begin PBXSourcesBuildPhase section */
		91CEC6EF1AE99B22006A6ADF /* Sources */ = {
			isa = PBXSourcesBuildPhase;
			buildActionMask = 2147483647;
			files = (
				91CEC7191AE99CC4006A6ADF /* HappinessViewController.swift in Sources */,
				91CEC6F91AE99B22006A6ADF /* AppDelegate.swift in Sources */,
				91CEC71B1AE99F07006A6ADF /* FaceView.swift in Sources */,
			);
			runOnlyForDeploymentPostprocessing = 0;
		};
		91CEC7041AE99B22006A6ADF /* Sources */ = {
			isa = PBXSourcesBuildPhase;
			buildActionMask = 2147483647;
			files = (
				91CEC70F1AE99B22006A6ADF /* HappinessTests.swift in Sources */,
			);
			runOnlyForDeploymentPostprocessing = 0;
		};
/* End PBXSourcesBuildPhase section */

/* Begin PBXTargetDependency section */
		91CEC70A1AE99B22006A6ADF /* PBXTargetDependency */ = {
			isa = PBXTargetDependency;
			target = 91CEC6F21AE99B22006A6ADF /* Happiness */;
			targetProxy = 91CEC7091AE99B22006A6ADF /* PBXContainerItemProxy */;
		};
/* End PBXTargetDependency section */

/* Begin PBXVariantGroup section */
		91CEC6FC1AE99B22006A6ADF /* Main.storyboard */ = {
			isa = PBXVariantGroup;
			children = (
				91CEC6FD1AE99B22006A6ADF /* Base */,
			);
			name = Main.storyboard;
			sourceTree = "<group>";
		};
		91CEC7011AE99B22006A6ADF /* LaunchScreen.xib */ = {
			isa = PBXVariantGroup;
			children = (
				91CEC7021AE99B22006A6ADF /* Base */,
			);
			name = LaunchScreen.xib;
			sourceTree = "<group>";
		};
/* End PBXVariantGroup section */

/* Begin XCBuildConfiguration section */
		91CEC7101AE99B22006A6ADF /* Debug */ = {
			isa = XCBuildConfiguration;
			buildSettings = {
				ALWAYS_SEARCH_USER_PATHS = NO;
				CLANG_CXX_LANGUAGE_STANDARD = "gnu++0x";
				CLANG_CXX_LIBRARY = "libc++";
				CLANG_ENABLE_MODULES = YES;
				CLANG_ENABLE_OBJC_ARC = YES;
				CLANG_WARN_BOOL_CONVERSION = YES;
				CLANG_WARN_CONSTANT_CONVERSION = YES;
				CLANG_WARN_DIRECT_OBJC_ISA_USAGE = YES_ERROR;
				CLANG_WARN_EMPTY_BODY = YES;
				CLANG_WARN_ENUM_CONVERSION = YES;
				CLANG_WARN_INT_CONVERSION = YES;
				CLANG_WARN_OBJC_ROOT_CLASS = YES_ERROR;
				CLANG_WARN_UNREACHABLE_CODE = YES;
				CLANG_WARN__DUPLICATE_METHOD_MATCH = YES;
				"CODE_SIGN_IDENTITY[sdk=iphoneos*]" = "iPhone Developer";
				COPY_PHASE_STRIP = NO;
				DEBUG_INFORMATION_FORMAT = "dwarf-with-dsym";
				ENABLE_STRICT_OBJC_MSGSEND = YES;
				ENABLE_TESTABILITY = YES;
				GCC_C_LANGUAGE_STANDARD = gnu99;
				GCC_DYNAMIC_NO_PIC = NO;
				GCC_NO_COMMON_BLOCKS = YES;
				GCC_OPTIMIZATION_LEVEL = 0;
				GCC_PREPROCESSOR_DEFINITIONS = (
					"DEBUG=1",
					"$(inherited)",
				);
				GCC_SYMBOLS_PRIVATE_EXTERN = NO;
				GCC_WARN_64_TO_32_BIT_CONVERSION = YES;
				GCC_WARN_ABOUT_RETURN_TYPE = YES_ERROR;
				GCC_WARN_UNDECLARED_SELECTOR = YES;
				GCC_WARN_UNINITIALIZED_AUTOS = YES_AGGRESSIVE;
				GCC_WARN_UNUSED_FUNCTION = YES;
				GCC_WARN_UNUSED_VARIABLE = YES;
				IPHONEOS_DEPLOYMENT_TARGET = 8.3;
				MTL_ENABLE_DEBUG_INFO = YES;
				ONLY_ACTIVE_ARCH = YES;
				SDKROOT = iphoneos;
				SWIFT_OPTIMIZATION_LEVEL = "-Onone";
				TARGETED_DEVICE_FAMILY = "1,2";
			};
			name = Debug;
		};
		91CEC7111AE99B22006A6ADF /* Release */ = {
			isa = XCBuildConfiguration;
			buildSettings = {
				ALWAYS_SEARCH_USER_PATHS = NO;
				CLANG_CXX_LANGUAGE_STANDARD = "gnu++0x";
				CLANG_CXX_LIBRARY = "libc++";
				CLANG_ENABLE_MODULES = YES;
				CLANG_ENABLE_OBJC_ARC = YES;
				CLANG_WARN_BOOL_CONVERSION = YES;
				CLANG_WARN_CONSTANT_CONVERSION = YES;
				CLANG_WARN_DIRECT_OBJC_ISA_USAGE = YES_ERROR;
				CLANG_WARN_EMPTY_BODY = YES;
				CLANG_WARN_ENUM_CONVERSION = YES;
				CLANG_WARN_INT_CONVERSION = YES;
				CLANG_WARN_OBJC_ROOT_CLASS = YES_ERROR;
				CLANG_WARN_UNREACHABLE_CODE = YES;
				CLANG_WARN__DUPLICATE_METHOD_MATCH = YES;
				"CODE_SIGN_IDENTITY[sdk=iphoneos*]" = "iPhone Developer";
				COPY_PHASE_STRIP = NO;
				DEBUG_INFORMATION_FORMAT = "dwarf-with-dsym";
				ENABLE_NS_ASSERTIONS = NO;
				ENABLE_STRICT_OBJC_MSGSEND = YES;
				GCC_C_LANGUAGE_STANDARD = gnu99;
				GCC_NO_COMMON_BLOCKS = YES;
				GCC_WARN_64_TO_32_BIT_CONVERSION = YES;
				GCC_WARN_ABOUT_RETURN_TYPE = YES_ERROR;
				GCC_WARN_UNDECLARED_SELECTOR = YES;
				GCC_WARN_UNINITIALIZED_AUTOS = YES_AGGRESSIVE;
				GCC_WARN_UNUSED_FUNCTION = YES;
				GCC_WARN_UNUSED_VARIABLE = YES;
				IPHONEOS_DEPLOYMENT_TARGET = 8.3;
				MTL_ENABLE_DEBUG_INFO = NO;
				SDKROOT = iphoneos;
				TARGETED_DEVICE_FAMILY = "1,2";
				VALIDATE_PRODUCT = YES;
			};
			name = Release;
		};
		91CEC7131AE99B22006A6ADF /* Debug */ = {
			isa = XCBuildConfiguration;
			buildSettings = {
				ASSETCATALOG_COMPILER_APPICON_NAME = AppIcon;
				CODE_SIGN_IDENTITY = "iPhone Developer";
				"CODE_SIGN_IDENTITY[sdk=iphoneos*]" = "iPhone Developer";
				INFOPLIST_FILE = Happiness/Info.plist;
				LD_RUNPATH_SEARCH_PATHS = "$(inherited) @executable_path/Frameworks";
				PRODUCT_BUNDLE_IDENTIFIER = "com.sebastian-osinski.$(PRODUCT_NAME:rfc1034identifier)";
				PRODUCT_NAME = "$(TARGET_NAME)";
				PROVISIONING_PROFILE = "";
			};
			name = Debug;
		};
		91CEC7141AE99B22006A6ADF /* Release */ = {
			isa = XCBuildConfiguration;
			buildSettings = {
				ASSETCATALOG_COMPILER_APPICON_NAME = AppIcon;
				CODE_SIGN_IDENTITY = "iPhone Developer";
				"CODE_SIGN_IDENTITY[sdk=iphoneos*]" = "iPhone Developer";
				INFOPLIST_FILE = Happiness/Info.plist;
				LD_RUNPATH_SEARCH_PATHS = "$(inherited) @executable_path/Frameworks";
				PRODUCT_BUNDLE_IDENTIFIER = "com.sebastian-osinski.$(PRODUCT_NAME:rfc1034identifier)";
				PRODUCT_NAME = "$(TARGET_NAME)";
				PROVISIONING_PROFILE = "";
			};
			name = Release;
		};
		91CEC7161AE99B22006A6ADF /* Debug */ = {
			isa = XCBuildConfiguration;
			buildSettings = {
				BUNDLE_LOADER = "$(TEST_HOST)";
				FRAMEWORK_SEARCH_PATHS = (
					"$(SDKROOT)/Developer/Library/Frameworks",
					"$(inherited)",
				);
				GCC_PREPROCESSOR_DEFINITIONS = (
					"DEBUG=1",
					"$(inherited)",
				);
				INFOPLIST_FILE = HappinessTests/Info.plist;
				LD_RUNPATH_SEARCH_PATHS = "$(inherited) @executable_path/Frameworks @loader_path/Frameworks";
				PRODUCT_BUNDLE_IDENTIFIER = "com.sebastian-osinski.$(PRODUCT_NAME:rfc1034identifier)";
				PRODUCT_NAME = "$(TARGET_NAME)";
				TEST_HOST = "$(BUILT_PRODUCTS_DIR)/Happiness.app/Happiness";
			};
			name = Debug;
		};
		91CEC7171AE99B22006A6ADF /* Release */ = {
			isa = XCBuildConfiguration;
			buildSettings = {
				BUNDLE_LOADER = "$(TEST_HOST)";
				FRAMEWORK_SEARCH_PATHS = (
					"$(SDKROOT)/Developer/Library/Frameworks",
					"$(inherited)",
				);
				INFOPLIST_FILE = HappinessTests/Info.plist;
				LD_RUNPATH_SEARCH_PATHS = "$(inherited) @executable_path/Frameworks @loader_path/Frameworks";
				PRODUCT_BUNDLE_IDENTIFIER = "com.sebastian-osinski.$(PRODUCT_NAME:rfc1034identifier)";
				PRODUCT_NAME = "$(TARGET_NAME)";
				TEST_HOST = "$(BUILT_PRODUCTS_DIR)/Happiness.app/Happiness";
			};
			name = Release;
		};
/* End XCBuildConfiguration section */

/* Begin XCConfigurationList section */
		91CEC6EE1AE99B22006A6ADF /* Build configuration list for PBXProject "Happiness" */ = {
			isa = XCConfigurationList;
			buildConfigurations = (
				91CEC7101AE99B22006A6ADF /* Debug */,
				91CEC7111AE99B22006A6ADF /* Release */,
			);
			defaultConfigurationIsVisible = 0;
			defaultConfigurationName = Release;
		};
		91CEC7121AE99B22006A6ADF /* Build configuration list for PBXNativeTarget "Happiness" */ = {
			isa = XCConfigurationList;
			buildConfigurations = (
				91CEC7131AE99B22006A6ADF /* Debug */,
				91CEC7141AE99B22006A6ADF /* Release */,
			);
			defaultConfigurationIsVisible = 0;
			defaultConfigurationName = Release;
		};
		91CEC7151AE99B22006A6ADF /* Build configuration list for PBXNativeTarget "HappinessTests" */ = {
			isa = XCConfigurationList;
			buildConfigurations = (
				91CEC7161AE99B22006A6ADF /* Debug */,
				91CEC7171AE99B22006A6ADF /* Release */,
			);
			defaultConfigurationIsVisible = 0;
			defaultConfigurationName = Release;
		};
/* End XCConfigurationList section */
	};
	rootObject = 91CEC6EB1AE99B22006A6ADF /* Project object */;
}
